<Project xmlns="http://schemas.microsoft.com/developer/msbuild/2003">
    <PropertyGroup>
        <ProjectGuid>{D4129BA9-9AC7-4C65-9123-8EBE7C128889}</ProjectGuid>
        <ProjectVersion>15.3</ProjectVersion>
        <FrameworkType>None</FrameworkType>
        <Base>True</Base>
        <Config Condition="'$(Config)'==''">Debug</Config>
        <Platform Condition="'$(Platform)'==''">Win32</Platform>
        <TargetedPlatforms>1</TargetedPlatforms>
        <AppType>Console</AppType>
        <MainSource>G115_R190Tests.dpr</MainSource>
    </PropertyGroup>
    <PropertyGroup Condition="'$(Config)'=='Base' or '$(Base)'!=''">
        <Base>true</Base>
    </PropertyGroup>
    <PropertyGroup Condition="('$(Platform)'=='OSX32' and '$(Base)'=='true') or '$(Base_OSX32)'!=''">
        <Base_OSX32>true</Base_OSX32>
        <CfgParent>Base</CfgParent>
        <Base>true</Base>
    </PropertyGroup>
    <PropertyGroup Condition="('$(Platform)'=='Win32' and '$(Base)'=='true') or '$(Base_Win32)'!=''">
        <Base_Win32>true</Base_Win32>
        <CfgParent>Base</CfgParent>
        <Base>true</Base>
    </PropertyGroup>
    <PropertyGroup Condition="('$(Platform)'=='Win64' and '$(Base)'=='true') or '$(Base_Win64)'!=''">
        <Base_Win64>true</Base_Win64>
        <CfgParent>Base</CfgParent>
        <Base>true</Base>
    </PropertyGroup>
    <PropertyGroup Condition="'$(Config)'=='Debug' or '$(Cfg_1)'!=''">
        <Cfg_1>true</Cfg_1>
        <CfgParent>Base</CfgParent>
        <Base>true</Base>
    </PropertyGroup>
    <PropertyGroup Condition="('$(Platform)'=='Win32' and '$(Cfg_1)'=='true') or '$(Cfg_1_Win32)'!=''">
        <Cfg_1_Win32>true</Cfg_1_Win32>
        <CfgParent>Cfg_1</CfgParent>
        <Cfg_1>true</Cfg_1>
        <Base>true</Base>
    </PropertyGroup>
    <PropertyGroup Condition="'$(Config)'=='Release' or '$(Cfg_2)'!=''">
        <Cfg_2>true</Cfg_2>
        <CfgParent>Base</CfgParent>
        <Base>true</Base>
    </PropertyGroup>
    <PropertyGroup Condition="'$(Base)'!=''">
        <DCC_Define>_CONSOLE_TESTRUNNER;$(DCC_Define)</DCC_Define>
        <DCC_UnitSearchPath>$(BDS)\Source\DUnit\src;$(DCC_UnitSearchPath)</DCC_UnitSearchPath>
        <DCC_Namespace>System;Xml;Data;Datasnap;Web;Soap;Vcl;Vcl.Imaging;Vcl.Touch;Vcl.Samples;Vcl.Shell;$(DCC_Namespace)</DCC_Namespace>
        <DCC_DcuOutput>.</DCC_DcuOutput>
        <DCC_ExeOutput>.\$(Platform)\$(Config)</DCC_ExeOutput>
        <DCC_E>false</DCC_E>
        <DCC_N>false</DCC_N>
        <DCC_S>false</DCC_S>
        <DCC_F>false</DCC_F>
        <DCC_K>false</DCC_K>
    </PropertyGroup>
    <PropertyGroup Condition="'$(Base_OSX32)'!=''">
        <DCC_UsePackage>FireDACPgDriver;DBXInterBaseDriver;DataSnapServer;DataSnapCommon;DbxCommonDriver;dbxcds;CustomIPTransport;dsnap;IndyIPServer;IndyCore;CloudService;FmxTeeUI;FireDACIBDriver;FireDACDb2Driver;bindcompfmx;FireDACODBCDriver;dbrtl;FireDACCommon;bindcomp;inetdb;xmlrtl;ibxpress;FireDACCommonDriver;bindengine;soaprtl;FMXTee;FireDACMSSQLDriver;DBXInformixDriver;DBXFirebirdDriver;inet;FireDACMySQLDriver;DBXSybaseASADriver;RESTComponents;dbexpress;IndyIPClient;FireDACSqliteDriver;DBXSqliteDriver;fmx;IndySystem;DataSnapClient;DataSnapProviderClient;fmxFireDAC;DBXOracleDriver;fmxase;IndyIPCommon;DataSnapFireDAC;FireDACDBXDriver;inetdbxpress;FireDACASADriver;rtl;DbxClientDriver;IndyProtocols;DBXMySQLDriver;bindcompdbx;FireDACADSDriver;FireDAC;FireDACDataSnapDriver;fmxobj;FireDACOracleDriver;fmxdae;FireDACMSAccDriver;DataSnapIndy10ServerTransport;$(DCC_UsePackage)</DCC_UsePackage>
    </PropertyGroup>
    <PropertyGroup Condition="'$(Base_Win32)'!=''">
        <VerInfo_Locale>1033</VerInfo_Locale>
        <DCC_Namespace>Winapi;System.Win;Data.Win;Datasnap.Win;Web.Win;Soap.Win;Xml.Win;Bde;$(DCC_Namespace)</DCC_Namespace>
        <DCC_UsePackage>JvGlobus;JvMM;nghtml;JvManagedThreads;lmdrtdialog;frxDBX19;lmdrttoolsdb;FireDACPgDriver;frxBDE19;fcxpTeed19;tmswizdXE5;JvCrypt;frx19;fsADO19;DBXInterBaseDriver;DataSnapServer;DataSnapCommon;ibo5ftsrt_dxe5;frxADO19;PKIECtrl19;JvNet;JvDotNetCtrls;DbxCommonDriver;lmdrtinspector;vclimg;ibo5art_dxe5;dbxcds;DatasnapConnectorsFreePascal;JvXPCtrls;vcldb;lmdrtweb;lmdrtprint;lmdrtchartdb;lmdrtrtfdb;CustomIPTransport;FMXfsDB19;dsnap;IndyIPServer;IndyCore;G115_R190;CloudService;ibo5wxrt_dxe5;FmxTeeUI;FireDACIBDriver;lmdrtrtf;JvDB;JvRuntimeDesign;lmdrtide;ngdialogs;lmdrtrtlx;frxe19;JclDeveloperTools;FireDACDb2Driver;aqueryIBO_xe5;fsBDE19;ibo5trt_dxe5;lmdrtshell;frxDB19;ngcommon;bindcompfmx;vcldbx;FireDACODBCDriver;ibo5admrt_dxe5;dbrtl;lmdrtstorage;FireDACCommon;bindcomp;inetdb;JvPluginSystem;lmdrtgrid;ngvalidators;DBXOdbcDriver;JvCmp;vclFireDAC;JvTimeFramework;xmlrtl;ibxpress;FireDACCommonDriver;bindengine;vclactnband;soaprtl;FMXTee;fsDB19;fcxcd19;bindcompvcl;FMXfsTee19;Jcl;vclie;ibo5crt_dxe5;FireDACMSSQLDriver;DBXInformixDriver;Intraweb;dsnapcon;DBXFirebirdDriver;frxIBO19;inet;JvPascalInterpreter;FireDACMySQLDriver;vclx;DBXSybaseASADriver;RESTComponents;lmdrtsearchdb;dbexpress;JvBDE;IndyIPClient;fcxd19;lmdrttools;tmsdXE5;FireDACSqliteDriver;lmdrtscript;lmdrttxtdb;DBXSqliteDriver;lmdrtchart;ibo5vrt_dxe5;fmx;FMXfsADO19;IndySystem;JvDlgs;TeeDB;lmdrttxt;vclib;inetdbbde;DataSnapClient;aquery_FireDAC_xe5;DataSnapProviderClient;ibo5rplrt_dxe5;DBXSybaseASEDriver;ibo5xrt_dxe5;frxIBX19;MetropolisUILiveTile;vcldsnap;ibo5frt_dxe5;TMSFMXPackPkgDXE5;lmdrtsys;lmdrteldb;fmxFireDAC;DBXDb2Driver;DBXOracleDriver;JvCore;vclribbon;fcxed19;fcxpd19;fmxase;vcl;TMSASPGRIDDXE5;lmdrtelpro;IndyIPCommon;DBXMSSQLDriver;CodeSiteExpressPkg;fsIBX19;DataSnapFireDAC;FireDACDBXDriver;JvAppFrm;inetdbxpress;webdsnap;lmdrtdocking;ngvldtctrls;JvDocking;adortl;JvWizards;lmdrtcore;FireDACASADriver;JvHMI;lmdrtthemes;fs19;JvBands;rtl;DbxClientDriver;FMXfs19;lmdrtbar;Tee;JclContainers;JvSystem;svnui;JvControls;lmdrtdesign;IndyProtocols;DBXMySQLDriver;FMXfsIBX19;lmdrtsearch;PKIEDB19;tmsxlsdXE5;bindcompdbx;TeeUI;JvJans;JvPrintPreview;advchartdxe5;JvPageComps;JvStdCtrls;JvCustom;FireDACADSDriver;vcltouch;lmdrtelcore;fsTee19;VclSmp;FireDAC;VCLRESTComponents;aqueryxe5;frxTee19;DataSnapConnectors;FireDACDataSnapDriver;lmdrtplugin;TMSFMXPackPkgDEDXE5;frxcs19;fmxobj;JclVcl;lmdrtsyntax;lmdrtfx;svn;tmsexdXE5;ibo5wrt_dxe5;FireDACOracleDriver;fmxdae;bdertl;lmdrtl;FireDACMSAccDriver;DataSnapIndy10ServerTransport;lmdrtscriptimp;$(DCC_UsePackage)</DCC_UsePackage>
        <VerInfo_Keys>CompanyName=;FileDescription=;FileVersion=1.0.0.0;InternalName=;LegalCopyright=;LegalTrademarks=;OriginalFilename=;ProductName=;ProductVersion=1.0.0.0;Comments=</VerInfo_Keys>
    </PropertyGroup>
    <PropertyGroup Condition="'$(Base_Win64)'!=''">
        <DCC_UsePackage>nghtml;lmdrtdialog;lmdrttoolsdb;FireDACPgDriver;DBXInterBaseDriver;DataSnapServer;DataSnapCommon;ibo5ftsrt_dxe5;PKIECtrl19;DbxCommonDriver;lmdrtinspector;vclimg;ibo5art_dxe5;dbxcds;DatasnapConnectorsFreePascal;vcldb;lmdrtweb;lmdrtprint;lmdrtchartdb;lmdrtrtfdb;CustomIPTransport;dsnap;IndyIPServer;IndyCore;CloudService;ibo5wxrt_dxe5;FmxTeeUI;FireDACIBDriver;lmdrtrtf;lmdrtide;ngdialogs;lmdrtrtlx;FireDACDb2Driver;ibo5trt_dxe5;lmdrtshell;ngcommon;bindcompfmx;FireDACODBCDriver;ibo5admrt_dxe5;dbrtl;lmdrtstorage;FireDACCommon;bindcomp;inetdb;lmdrtgrid;ngvalidators;DBXOdbcDriver;vclFireDAC;xmlrtl;ibxpress;FireDACCommonDriver;bindengine;vclactnband;soaprtl;FMXTee;bindcompvcl;vclie;ibo5crt_dxe5;FireDACMSSQLDriver;DBXInformixDriver;Intraweb;dsnapcon;DBXFirebirdDriver;inet;FireDACMySQLDriver;vclx;DBXSybaseASADriver;RESTComponents;lmdrtsearchdb;dbexpress;IndyIPClient;fcxd19;lmdrttools;FireDACSqliteDriver;lmdrtscript;lmdrttxtdb;DBXSqliteDriver;lmdrtchart;ibo5vrt_dxe5;fmx;IndySystem;TeeDB;lmdrttxt;vclib;DataSnapClient;DataSnapProviderClient;ibo5rplrt_dxe5;DBXSybaseASEDriver;ibo5xrt_dxe5;MetropolisUILiveTile;vcldsnap;ibo5frt_dxe5;lmdrtsys;lmdrteldb;fmxFireDAC;DBXDb2Driver;DBXOracleDriver;vclribbon;fmxase;vcl;lmdrtelpro;IndyIPCommon;DBXMSSQLDriver;DataSnapFireDAC;FireDACDBXDriver;inetdbxpress;webdsnap;lmdrtdocking;ngvldtctrls;adortl;lmdrtcore;FireDACASADriver;lmdrtthemes;rtl;DbxClientDriver;lmdrtbar;Tee;lmdrtdesign;IndyProtocols;DBXMySQLDriver;lmdrtsearch;PKIEDB19;bindcompdbx;TeeUI;FireDACADSDriver;vcltouch;lmdrtelcore;VclSmp;FireDAC;VCLRESTComponents;DataSnapConnectors;FireDACDataSnapDriver;lmdrtplugin;fmxobj;lmdrtsyntax;lmdrtfx;ibo5wrt_dxe5;FireDACOracleDriver;fmxdae;lmdrtl;FireDACMSAccDriver;DataSnapIndy10ServerTransport;lmdrtscriptimp;$(DCC_UsePackage)</DCC_UsePackage>
    </PropertyGroup>
    <PropertyGroup Condition="'$(Cfg_1)'!=''">
        <DCC_Define>DEBUG;$(DCC_Define)</DCC_Define>
        <DCC_DebugDCUs>true</DCC_DebugDCUs>
        <DCC_Optimize>false</DCC_Optimize>
        <DCC_GenerateStackFrames>true</DCC_GenerateStackFrames>
        <DCC_DebugInfoInExe>true</DCC_DebugInfoInExe>
        <DCC_RemoteDebug>true</DCC_RemoteDebug>
    </PropertyGroup>
    <PropertyGroup Condition="'$(Cfg_1_Win32)'!=''">
        <DCC_RemoteDebug>false</DCC_RemoteDebug>
    </PropertyGroup>
    <PropertyGroup Condition="'$(Cfg_2)'!=''">
        <DCC_LocalDebugSymbols>false</DCC_LocalDebugSymbols>
        <DCC_Define>RELEASE;$(DCC_Define)</DCC_Define>
        <DCC_SymbolReferenceInfo>0</DCC_SymbolReferenceInfo>
        <DCC_DebugInformation>0</DCC_DebugInformation>
    </PropertyGroup>
    <ItemGroup>
        <DelphiCompile Include="$(MainSource)">
            <MainSource>MainSource</MainSource>
        </DelphiCompile>
        <DCCReference Include="..\source\onguard.pas"/>
        <DCCReference Include="Testogutil.pas"/>
        <BuildConfiguration Include="Release">
            <Key>Cfg_2</Key>
            <CfgParent>Base</CfgParent>
        </BuildConfiguration>
        <BuildConfiguration Include="Base">
            <Key>Base</Key>
        </BuildConfiguration>
        <BuildConfiguration Include="Debug">
            <Key>Cfg_1</Key>
            <CfgParent>Base</CfgParent>
        </BuildConfiguration>
    </ItemGroup>
    <ProjectExtensions>
        <Borland.Personality>Delphi.Personality.12</Borland.Personality>
        <Borland.ProjectType/>
        <BorlandProject>
            <Delphi.Personality>
                <VersionInfo>
                    <VersionInfo Name="IncludeVerInfo">False</VersionInfo>
                    <VersionInfo Name="AutoIncBuild">False</VersionInfo>
                    <VersionInfo Name="MajorVer">1</VersionInfo>
                    <VersionInfo Name="MinorVer">0</VersionInfo>
                    <VersionInfo Name="Release">0</VersionInfo>
                    <VersionInfo Name="Build">0</VersionInfo>
                    <VersionInfo Name="Debug">False</VersionInfo>
                    <VersionInfo Name="PreRelease">False</VersionInfo>
                    <VersionInfo Name="Special">False</VersionInfo>
                    <VersionInfo Name="Private">False</VersionInfo>
                    <VersionInfo Name="DLL">False</VersionInfo>
                    <VersionInfo Name="Locale">1033</VersionInfo>
                    <VersionInfo Name="CodePage">1252</VersionInfo>
                </VersionInfo>
                <VersionInfoKeys>
                    <VersionInfoKeys Name="CompanyName"/>
                    <VersionInfoKeys Name="FileDescription"/>
                    <VersionInfoKeys Name="FileVersion">1.0.0.0</VersionInfoKeys>
                    <VersionInfoKeys Name="InternalName"/>
                    <VersionInfoKeys Name="LegalCopyright"/>
                    <VersionInfoKeys Name="LegalTrademarks"/>
                    <VersionInfoKeys Name="OriginalFilename"/>
                    <VersionInfoKeys Name="ProductName"/>
                    <VersionInfoKeys Name="ProductVersion">1.0.0.0</VersionInfoKeys>
                    <VersionInfoKeys Name="Comments"/>
                    <VersionInfoKeys Name="CFBundleName"/>
                    <VersionInfoKeys Name="CFBundleDisplayName"/>
                    <VersionInfoKeys Name="UIDeviceFamily"/>
                    <VersionInfoKeys Name="CFBundleIdentifier"/>
                    <VersionInfoKeys Name="CFBundleVersion"/>
                    <VersionInfoKeys Name="CFBundlePackageType"/>
                    <VersionInfoKeys Name="CFBundleSignature"/>
                    <VersionInfoKeys Name="CFBundleAllowMixedLocalizations"/>
                    <VersionInfoKeys Name="UISupportedInterfaceOrientations"/>
                    <VersionInfoKeys Name="CFBundleExecutable"/>
                    <VersionInfoKeys Name="CFBundleResourceSpecification"/>
                    <VersionInfoKeys Name="LSRequiresIPhoneOS"/>
                    <VersionInfoKeys Name="CFBundleInfoDictionaryVersion"/>
                    <VersionInfoKeys Name="CFBundleDevelopmentRegion"/>
                    <VersionInfoKeys Name="package"/>
                    <VersionInfoKeys Name="label"/>
                    <VersionInfoKeys Name="versionCode"/>
                    <VersionInfoKeys Name="versionName"/>
                    <VersionInfoKeys Name="persistent"/>
                    <VersionInfoKeys Name="restoreAnyVersion"/>
                    <VersionInfoKeys Name="installLocation"/>
                    <VersionInfoKeys Name="largeHeap"/>
                    <VersionInfoKeys Name="theme"/>
                </VersionInfoKeys>
                <Source>
                    <Source Name="MainSource">G115_R190Tests.dpr</Source>
                </Source>
            </Delphi.Personality>
            <Deployment/>
            <Platforms>
                <Platform value="OSX32">False</Platform>
                <Platform value="Win32">True</Platform>
                <Platform value="Win64">False</Platform>
            </Platforms>
            <UnitTesting>
                <TestFramework>DUnit / Delphi Win32</TestFramework>
                <TestRunner>GUI</TestRunner>
                <SourceProjectName>C:\projects\components\tp\onguard\OnGuard\packages\G115_D190.dproj</SourceProjectName>
            </UnitTesting>
        </BorlandProject>
        <ProjectFileVersion>12</ProjectFileVersion>
    </ProjectExtensions>
    <Import Project="$(BDS)\Bin\CodeGear.Delphi.Targets" Condition="Exists('$(BDS)\Bin\CodeGear.Delphi.Targets')"/>
    <Import Project="$(APPDATA)\Embarcadero\$(BDSAPPDATABASEDIR)\$(PRODUCTVERSION)\UserTools.proj" Condition="Exists('$(APPDATA)\Embarcadero\$(BDSAPPDATABASEDIR)\$(PRODUCTVERSION)\UserTools.proj')"/>
</Project>
