<?xml version="1.0"?>
<CONFIG>
  <ProjectOptions>
    <Version Value="7"/>
    <General>
      <Flags>
        <LRSInOutputDirectory Value="False"/>
      </Flags>
      <MainUnit Value="0"/>
      <TargetFileExt Value=".exe"/>
      <ActiveEditorIndexAtStart Value="1"/>
    </General>
    <PublishOptions>
      <Version Value="2"/>
      <IgnoreBinaries Value="False"/>
      <IncludeFileFilter Value="*.(pas|pp|inc|lfm|lpr|lrs|lpi|lpk|sh|xml)"/>
      <ExcludeFileFilter Value="*.(bak|ppu|ppw|o|so);*~;backup"/>
    </PublishOptions>
    <RunParams>
      <local>
        <FormatVersion Value="1"/>
        <LaunchingApplication PathPlusParams="/usr/X11R6/bin/xterm -T 'Lazarus Run Output' -e $(LazarusDir)/tools/runwait.sh $(TargetCmdLine)"/>
      </local>
    </RunParams>
    <RequiredPackages Count="1">
      <Item1>
        <PackageName Value="tponguard"/>
        <MinVersion Major="1" Valid="True"/>
      </Item1>
    </RequiredPackages>
    <Units Count="9">
      <Unit0>
        <Filename Value="fixnaf.lpr"/>
        <IsPartOfProject Value="True"/>
        <CursorPos X="59" Y="15"/>
        <TopLine Value="1"/>
        <EditorIndex Value="0"/>
        <UsageCount Value="22"/>
        <Loaded Value="True"/>
      </Unit0>
      <Unit1>
        <Filename Value="fixnaf1.pas"/>
        <IsPartOfProject Value="True"/>
        <ComponentName Value="MainFrm"/>
        <HasResources Value="True"/>
        <ResourceBaseClass Value="Form"/>
        <UnitName Value="FIXNAF1"/>
        <CursorPos X="72" Y="7"/>
        <TopLine Value="1"/>
        <EditorIndex Value="1"/>
        <UsageCount Value="22"/>
        <Loaded Value="True"/>
      </Unit1>
      <Unit2>
        <Filename Value="../../source/qonguard4.pas"/>
        <ComponentName Value="EditProductFrm"/>
        <HasResources Value="True"/>
        <UnitName Value="qonguard4"/>
        <CursorPos X="33" Y="36"/>
        <TopLine Value="30"/>
        <UsageCount Value="10"/>
      </Unit2>
      <Unit3>
        <Filename Value="../../source/qonguard3.pas"/>
        <ComponentName Value="KeyMaintFrm"/>
        <HasResources Value="True"/>
        <UnitName Value="qonguard3"/>
        <CursorPos X="44" Y="37"/>
        <TopLine Value="30"/>
        <UsageCount Value="10"/>
      </Unit3>
      <Unit4>
        <Filename Value="../../source/ognetwrk.pas"/>
        <UnitName Value="ognetwrk"/>
        <CursorPos X="45" Y="349"/>
        <TopLine Value="343"/>
        <UsageCount Value="10"/>
      </Unit4>
      <Unit5>
        <Filename Value="../../source/qonguard2.pas"/>
        <ComponentName Value="CodeGenerateFrm"/>
        <HasResources Value="True"/>
        <UnitName Value="qonguard2"/>
        <CursorPos X="20" Y="339"/>
        <TopLine Value="337"/>
        <UsageCount Value="10"/>
      </Unit5>
      <Unit6>
        <Filename Value="../../source/onguard.pas"/>
        <UnitName Value="onguard"/>
        <CursorPos X="45" Y="1184"/>
        <TopLine Value="1179"/>
        <UsageCount Value="10"/>
      </Unit6>
      <Unit7>
        <Filename Value="../../../../lazarus0915/fpcsrc/rtl/objpas/sysutils/sysutilh.inc"/>
        <CursorPos X="26" Y="165"/>
        <TopLine Value="161"/>
        <UsageCount Value="10"/>
      </Unit7>
      <Unit8>
        <Filename Value="../../source/ogutil.pas"/>
        <UnitName Value="ogutil"/>
        <CursorPos X="32" Y="15"/>
        <TopLine Value="7"/>
        <UsageCount Value="10"/>
      </Unit8>
    </Units>
    <JumpHistory Count="2" HistoryIndex="1">
      <Position1>
        <Filename Value="fixnaf.lpr"/>
        <Caret Line="8" Column="37" TopLine="1"/>
      </Position1>
      <Position2>
        <Filename Value="fixnaf1.pas"/>
        <Caret Line="7" Column="72" TopLine="1"/>
      </Position2>
    </JumpHistory>
  </ProjectOptions>
  <CompilerOptions>
    <Version Value="8"/>
    <Parsing>
      <SyntaxOptions>
        <IncludeAssertionCode Value="True"/>
      </SyntaxOptions>
    </Parsing>
    <CodeGeneration>
      <Checks>
        <IOChecks Value="True"/>
        <RangeChecks Value="True"/>
        <OverflowChecks Value="True"/>
        <StackChecks Value="True"/>
      </Checks>
    </CodeGeneration>
    <Linking>
      <Debugging>
        <UseHeaptrc Value="True"/>
      </Debugging>
      <Options>
        <Win32>
          <GraphicApplication Value="True"/>
        </Win32>
      </Options>
    </Linking>
    <Other>
      <CompilerPath Value="$(CompPath)"/>
    </Other>
  </CompilerOptions>
  <Debugging>
    <Exceptions Count="2">
      <Item1>
        <Name Value="ECodetoolError"/>
      </Item1>
      <Item2>
        <Name Value="EFOpenError"/>
      </Item2>
    </Exceptions>
  </Debugging>
</CONFIG>
